
Microsoft Visual Studio Solution File, Format Version 12.00
# Visual Studio Version 17
VisualStudioVersion = 17.13.35825.156 d17.13
MinimumVisualStudioVersion = 10.0.40219.1
Project("{FAE04EC0-301F-11D3-BF4B-00C04F79EFBC}") = "HW09", "HW09.csproj", "{32AB1DC7-807D-499D-8805-985F8F9F1196}"
EndProject
Global
	GlobalSection(SolutionConfigurationPlatforms) = preSolution
		Debug|Any CPU = Debug|Any CPU
		Release|Any CPU = Release|Any CPU
	EndGlobalSection
	GlobalSection(ProjectConfigurationPlatforms) = postSolution
		{32AB1DC7-807D-499D-8805-985F8F9F1196}.Debug|Any CPU.ActiveCfg = Debug|Any CPU
		{32AB1DC7-807D-499D-8805-985F8F9F1196}.Debug|Any CPU.Build.0 = Debug|Any CPU
		{32AB1DC7-807D-499D-8805-985F8F9F1196}.Release|Any CPU.ActiveCfg = Release|Any CPU
		{32AB1DC7-807D-499D-8805-985F8F9F1196}.Release|Any CPU.Build.0 = Release|Any CPU
	EndGlobalSection
	GlobalSection(SolutionProperties) = preSolution
		HideSolutionNode = FALSE
	EndGlobalSection
	GlobalSection(ExtensibilityGlobals) = postSolution
		SolutionGuid = {4660D94B-0C0F-44C6-AFAE-8167E0935DA4}
	EndGlobalSection
EndGlobal
